
Microsoft Visual Studio Solution File, Format Version 12.00
# Visual Studio Version 17
VisualStudioVersion = 17.14.37314.3 d17.14
MinimumVisualStudioVersion = 10.0.40219.1
Project("{13B669BE-BB05-4DDF-9536-439F39A36129}") = "AEWeb-www", "AEWeb-www.phpproj", "{CA9C0417-7DE1-8BD3-D3C6-FF45504B9B6C}"
EndProject
Global
	GlobalSection(SolutionConfigurationPlatforms) = preSolution
		Debug|Any CPU = Debug|Any CPU
		Release|Any CPU = Release|Any CPU
	EndGlobalSection
	GlobalSection(ProjectConfigurationPlatforms) = postSolution
		{CA9C0417-7DE1-8BD3-D3C6-FF45504B9B6C}.Debug|Any CPU.ActiveCfg = Debug|Any CPU
		{CA9C0417-7DE1-8BD3-D3C6-FF45504B9B6C}.Debug|Any CPU.Build.0 = Debug|Any CPU
		{CA9C0417-7DE1-8BD3-D3C6-FF45504B9B6C}.Release|Any CPU.ActiveCfg = Release|Any CPU
		{CA9C0417-7DE1-8BD3-D3C6-FF45504B9B6C}.Release|Any CPU.Build.0 = Release|Any CPU
	EndGlobalSection
	GlobalSection(SolutionProperties) = preSolution
		HideSolutionNode = FALSE
	EndGlobalSection
	GlobalSection(ExtensibilityGlobals) = postSolution
		SolutionGuid = {B6557B5A-3F64-4703-A014-7B599F8A5F3C}
	EndGlobalSection
EndGlobal
